
Microsoft Visual Studio Solution File, Format Version 12.00
# Visual Studio Version 16
VisualStudioVersion = 16.0.30320.27
MinimumVisualStudioVersion = 10.0.40219.1
Project("{FAE04EC0-301F-11D3-BF4B-00C04F79EFBC}") = "Atomus.Control.ErrorAlert.ErrorAlertAdapter(dotNet)", "dotNet\Atomus.Control.ErrorAlert.ErrorAlertAdapter(dotNet).csproj", "{3DFCDD94-65F9-47AE-AC5E-DC55B6218447}"
EndProject
Global
	GlobalSection(SolutionConfigurationPlatforms) = preSolution
		Debug|Any CPU = Debug|Any CPU
		Release|Any CPU = Release|Any CPU
	EndGlobalSection
	GlobalSection(ProjectConfigurationPlatforms) = postSolution
		{3DFCDD94-65F9-47AE-AC5E-DC55B6218447}.Debug|Any CPU.ActiveCfg = Debug|Any CPU
		{3DFCDD94-65F9-47AE-AC5E-DC55B6218447}.Debug|Any CPU.Build.0 = Debug|Any CPU
		{3DFCDD94-65F9-47AE-AC5E-DC55B6218447}.Release|Any CPU.ActiveCfg = Release|Any CPU
		{3DFCDD94-65F9-47AE-AC5E-DC55B6218447}.Release|Any CPU.Build.0 = Release|Any CPU
	EndGlobalSection
	GlobalSection(SolutionProperties) = preSolution
		HideSolutionNode = FALSE
	EndGlobalSection
	GlobalSection(ExtensibilityGlobals) = postSolution
		SolutionGuid = {5078C3CD-5D07-46C1-BFFF-893F3C109449}
	EndGlobalSection
EndGlobal
